{
  "version": "5",
  "specifiers": {
    "jsr:@std/assert@^1.0.17": "1.0.19",
    "jsr:@std/assert@^1.0.19": "1.0.19",
    "jsr:@std/async@^1.1.0": "1.2.0",
    "jsr:@std/data-structures@^1.0.10": "1.0.10",
    "jsr:@std/fs@^1.0.22": "1.0.23",
    "jsr:@std/internal@^1.0.10": "1.0.12",
    "jsr:@std/internal@^1.0.12": "1.0.12",
    "jsr:@std/path@1": "1.1.4",
    "jsr:@std/path@1.1.2": "1.1.2",
    "jsr:@std/path@^1.1.4": "1.1.4",
    "jsr:@std/streams@1": "1.0.17",
    "jsr:@std/testing@^1.0.17": "1.0.17",
    "jsr:@valibot/valibot@^1.2.0": "1.2.0"
  },
  "jsr": {
    "@std/assert@1.0.19": {
      "integrity": "eaada96ee120cb980bc47e040f82814d786fe8162ecc53c91d8df60b8755991e",
      "dependencies": [
        "jsr:@std/internal@^1.0.12"
      ]
    },
    "@std/async@1.2.0": {
      "integrity": "c059c6f6d95ca7cc012ae8e8d7164d1697113d54b0b679e4372b354b11c2dee5"
    },
    "@std/data-structures@1.0.10": {
      "integrity": "f574f86b0e07c69b9edc555fcc814b57d29258bad39fd5a34ba8a80ecf033cfe"
    },
    "@std/fs@1.0.23": {
      "integrity": "3ecbae4ce4fee03b180fa710caff36bb5adb66631c46a6460aaad49515565a37",
      "dependencies": [
        "jsr:@std/path@^1.1.4"
      ]
    },
    "@std/internal@1.0.12": {
      "integrity": "972a634fd5bc34b242024402972cd5143eac68d8dffaca5eaa4dba30ce17b027"
    },
    "@std/path@1.1.2": {
      "integrity": "c0b13b97dfe06546d5e16bf3966b1cadf92e1cc83e56ba5476ad8b498d9e3038",
      "dependencies": [
        "jsr:@std/internal@^1.0.10"
      ]
    },
    "@std/path@1.1.4": {
      "integrity": "1d2d43f39efb1b42f0b1882a25486647cb851481862dc7313390b2bb044314b5",
      "dependencies": [
        "jsr:@std/internal@^1.0.12"
      ]
    },
    "@std/streams@1.0.17": {
      "integrity": "7859f3d9deed83cf4b41f19223d4a67661b3d3819e9fc117698f493bf5992140"
    },
    "@std/testing@1.0.17": {
      "integrity": "87bdc2700fa98249d48a17cd72413352d3d3680dcfbdb64947fd0982d6bbf681",
      "dependencies": [
        "jsr:@std/assert@^1.0.17",
        "jsr:@std/async",
        "jsr:@std/data-structures",
        "jsr:@std/fs",
        "jsr:@std/internal@^1.0.12",
        "jsr:@std/path@^1.1.4"
      ]
    },
    "@valibot/valibot@1.2.0": {
      "integrity": "61c118a4d027ed55912caf381c78f0a178f335f46ad0c4bcb136498dc1ef2285"
    }
  },
  "remote": {
    "https://cdn.skypack.dev/-/debug@v4.4.3-Brh22weuCvWY3rcSd25Q/dist=es2019,mode=imports/optimized/debug.js": "931098fa073c5244168f500d7eecf16557a6ff58fdefe079384f427b8d0ac915",
    "https://cdn.skypack.dev/-/ms@v2.1.3-dWyghJmVCt8Lp5D9h2ww/dist=es2019,mode=imports/optimized/ms.js": "fd88e2d51900437011f1ad232f3393ce97db1b87a7844b3c58dd6d65562c1276",
    "https://cdn.skypack.dev/debug@4.4.3": "4be25679f8af63e0d2f06afee7f8c1411f1c3144be3d3e96ab31e198e4a6d5cd",
    "https://deno.land/x/grammy@v1.41.0/bot.ts": "cbaab76757b116d69da387678e8d6e6d59f9e3ad6d2965b288d3e0f8c5ece262",
    "https://deno.land/x/grammy@v1.41.0/composer.ts": "4fcfc5c5b68107c0e0f24a9b00a5f3cf8d4ed0adee964be17005d96782e09562",
    "https://deno.land/x/grammy@v1.41.0/context.ts": "7261271b9cf5fc5bc6dbcf0ee85fcdcb7cce34d8611f3e18ee9289a2a6a3b5d3",
    "https://deno.land/x/grammy@v1.41.0/convenience/constants.ts": "fa84e2bfe01299d52ec453a861184d90342931c8aee5eb082f83594e216673da",
    "https://deno.land/x/grammy@v1.41.0/convenience/frameworks.ts": "ea18d154dc09af1a485cd63dcdb6a1c9216e2e09eac9559553f9b6a642ce590f",
    "https://deno.land/x/grammy@v1.41.0/convenience/inline_query.ts": "409d1940c7670708064efa495003bcbfdf6763a756b2e6303c464489fd3394ff",
    "https://deno.land/x/grammy@v1.41.0/convenience/input_media.ts": "7af72a5fdb1af0417e31b1327003f536ddfdf64e06ab8bc7f5da6b574de38658",
    "https://deno.land/x/grammy@v1.41.0/convenience/keyboard.ts": "05c91ab83f85c95428c07bea6665d88c426fe6d730580fd691bf505113e46547",
    "https://deno.land/x/grammy@v1.41.0/convenience/session.ts": "5e4b976528a0b3d7893645ac23e2e35e78671af578a3aed5efb4b621e7e9b6da",
    "https://deno.land/x/grammy@v1.41.0/convenience/webhook.ts": "d49c6be23398782670b1b03c84dfa64391686301640e2966b6dab5bba1537bf6",
    "https://deno.land/x/grammy@v1.41.0/core/api.ts": "86fef442bfdd349fc6eec0831bd2af9e61ecb65c2cae88b7a50c25bb36647861",
    "https://deno.land/x/grammy@v1.41.0/core/client.ts": "3ac86aa269d9a717278b9b786efebb17abe175f943046419f42d8824840af05d",
    "https://deno.land/x/grammy@v1.41.0/core/error.ts": "5245f18f273da6be364f525090c24d2e9a282c180904f674f66946f2b2556247",
    "https://deno.land/x/grammy@v1.41.0/core/payload.ts": "5e27679acca66cbca981e2b77b206da3efe262f69d4638290b3567f514f50a0e",
    "https://deno.land/x/grammy@v1.41.0/filter.ts": "74f451e8a8e73d303b33d31227e8b31f101976f4c4a54e97ad2ff5ca5b581820",
    "https://deno.land/x/grammy@v1.41.0/mod.ts": "a973e356760eed1b58bc89280e6eb41bbdf74035f6348c08d6cebf50da1dac34",
    "https://deno.land/x/grammy@v1.41.0/platform.deno.ts": "bff65a7efb99b4645ad20d7c4041a61b7faf55b14261ee75363d9bd0c6d7ee8a",
    "https://deno.land/x/grammy@v1.41.0/types.deno.ts": "b25652ff759b063becf8c88525cbb657b54501860a3b53f8bf0d830b76332857",
    "https://deno.land/x/grammy@v1.41.0/types.ts": "729415590dfa188dbe924dea614dff4e976babdbabb28a307b869fc25777cdf0",
    "https://deno.land/x/grammy_types@v3.25.0/api.ts": "ae04d6628e3d25ae805bc07a19475065044fc44cde0a40877405bc3544d03a5f",
    "https://deno.land/x/grammy_types@v3.25.0/checklist.ts": "bcce04e896b23470d30fcb831576b7938ff98fdf770fd29c9a7eff97dbebcb3e",
    "https://deno.land/x/grammy_types@v3.25.0/inline.ts": "2d829b18a4cb65d111d1ad984db012b6d9e68f4cfa65349c31410dfc735e968b",
    "https://deno.land/x/grammy_types@v3.25.0/langs.ts": "5f5fd09c58ba3ae942dd7cea2696f95587d2032c1829bba4bca81762b7ef73b6",
    "https://deno.land/x/grammy_types@v3.25.0/manage.ts": "bac956b71ef5d2cc794e4c72c2b2194b2fe2473db71703f193f7f100dd3a04f4",
    "https://deno.land/x/grammy_types@v3.25.0/markup.ts": "3521d34d2bee3b9854326e9307782dceb5c4ff6930715050003eb60f219024e7",
    "https://deno.land/x/grammy_types@v3.25.0/message.ts": "4579dce0a0d8710b4f222bb54f3712c0291160498bc34d4edb5a7f12ebdb7912",
    "https://deno.land/x/grammy_types@v3.25.0/methods.ts": "72161dc7dac83ce785e054badf2baa97b70e7f11f3cf377d3799327be35aa2dd",
    "https://deno.land/x/grammy_types@v3.25.0/mod.ts": "73efb15e1fb664c99ea32fa707a8cd3ed5ff4a1e21fba2fe1ddc78bb476ef84d",
    "https://deno.land/x/grammy_types@v3.25.0/passport.ts": "19820e7d6c279521f8bc8912d6a378239f73d4ab525453808994b5f44ef95215",
    "https://deno.land/x/grammy_types@v3.25.0/payment.ts": "b47a6293b965bcd4105a0c542e00685eadcc081380c8c0d96ac240c63cf041e9",
    "https://deno.land/x/grammy_types@v3.25.0/settings.ts": "9de9c7a850ce2cd4066c09c8b617eda10c0146d67943ddb8b4a01ca79fafaacb",
    "https://deno.land/x/grammy_types@v3.25.0/story.ts": "f558c6e6054a43fa1403c2376f7c0b51e2138f4e0d13f0f6e870ffd1cd085ae2",
    "https://deno.land/x/grammy_types@v3.25.0/update.ts": "71cc0d5ec860149b71415ba03282b1d7edd0466b36e2789521a3b3a3d7796493"
  },
  "workspace": {
    "dependencies": [
      "jsr:@std/assert@^1.0.19",
      "jsr:@std/path@1",
      "jsr:@std/streams@1",
      "jsr:@std/testing@^1.0.17",
      "jsr:@valibot/valibot@^1.2.0"
    ]
  }
}
